// !$*UTF8*$!
{
	archiveVersion = 1;
	classes = {
	};
	objectVersion = 50;
	objects = {

/* Begin PBXBuildFile section */
		0B27BEA021E55D4E00656B5E /* TagFilterViewController.swift in Sources */ = {isa = PBXBuildFile; fileRef = 0B27BE9F21E55D4E00656B5E /* TagFilterViewController.swift */; };
		0B27BEC421E97A2600656B5E /* SearchKeywordHelper.swift in Sources */ = {isa = PBXBuildFile; fileRef = 0B27BEC321E97A2600656B5E /* SearchKeywordHelper.swift */; };
		0B27BECD21E9931500656B5E /* InfoPlist.strings in Resources */ = {isa = PBXBuildFile; fileRef = 0B27BECF21E9931500656B5E /* InfoPlist.strings */; };
		0B27BED321EBEC4700656B5E /* Localizable.strings in Resources */ = {isa = PBXBuildFile; fileRef = 0B27BED521EBEC4700656B5E /* Localizable.strings */; };
		0B2B3CB3219CD65C00A0FF14 /* StringHelper.swift in Sources */ = {isa = PBXBuildFile; fileRef = 0B2B3CB2219CD65C00A0FF14 /* StringHelper.swift */; };
		0B2B3CB5219CDC6100A0FF14 /* SettingViewController.swift in Sources */ = {isa = PBXBuildFile; fileRef = 0B2B3CB4219CDC6100A0FF14 /* SettingViewController.swift */; };
		0B2B43AD213DE73E00DFD4A9 /* AppDelegate.swift in Sources */ = {isa = PBXBuildFile; fileRef = 0B2B43AC213DE73E00DFD4A9 /* AppDelegate.swift */; };
		0B2B43B2213DE73E00DFD4A9 /* Main.storyboard in Resources */ = {isa = PBXBuildFile; fileRef = 0B2B43B0213DE73E00DFD4A9 /* Main.storyboard */; };
		0B2B43B4213DE74000DFD4A9 /* Assets.xcassets in Resources */ = {isa = PBXBuildFile; fileRef = 0B2B43B3213DE74000DFD4A9 /* Assets.xcassets */; };
		0B2B43B7213DE74000DFD4A9 /* LaunchScreen.storyboard in Resources */ = {isa = PBXBuildFile; fileRef = 0B2B43B5213DE74000DFD4A9 /* LaunchScreen.storyboard */; };
		0B2B43C2213DE74000DFD4A9 /* something3Tests.swift in Sources */ = {isa = PBXBuildFile; fileRef = 0B2B43C1213DE74000DFD4A9 /* something3Tests.swift */; };
		0B2B43CD213DE74100DFD4A9 /* something3UITests.swift in Sources */ = {isa = PBXBuildFile; fileRef = 0B2B43CC213DE74100DFD4A9 /* something3UITests.swift */; };
		0B4626EB21DC237F00268F79 /* TagManager.swift in Sources */ = {isa = PBXBuildFile; fileRef = 0B4626EA21DC237E00268F79 /* TagManager.swift */; };
		0B502126213F3D7D009C3510 /* NotebookViewController.swift in Sources */ = {isa = PBXBuildFile; fileRef = 0B502125213F3D7D009C3510 /* NotebookViewController.swift */; };
		0B78D6C5215AEF0D008A2E46 /* SearchViewController.swift in Sources */ = {isa = PBXBuildFile; fileRef = 0B78D6C4215AEF0D008A2E46 /* SearchViewController.swift */; };
		0B91D1C52145CCF2005DCCD9 /* AddNoteViewController.swift in Sources */ = {isa = PBXBuildFile; fileRef = 0B91D1C42145CCF2005DCCD9 /* AddNoteViewController.swift */; };
		0B9C11252143339600E4AE7D /* AddNotebookViewController.swift in Sources */ = {isa = PBXBuildFile; fileRef = 0B9C11242143339600E4AE7D /* AddNotebookViewController.swift */; };
		0BB4D68A2141D5B70046F7F0 /* R_NoteBook.swift in Sources */ = {isa = PBXBuildFile; fileRef = 0BB4D6892141D5B70046F7F0 /* R_NoteBook.swift */; };
		0BB4D68C2141DC090046F7F0 /* R_Note.swift in Sources */ = {isa = PBXBuildFile; fileRef = 0BB4D68B2141DC090046F7F0 /* R_Note.swift */; };
		0BB69B8B21A8E1A2003B64C0 /* ColorHelper.swift in Sources */ = {isa = PBXBuildFile; fileRef = 0BB69B8A21A8E1A2003B64C0 /* ColorHelper.swift */; };
		0BBEC59B21CDABD4005BAB45 /* EventHelper.swift in Sources */ = {isa = PBXBuildFile; fileRef = 0BBEC59A21CDABD4005BAB45 /* EventHelper.swift */; };
		0BD657C1214876970037FE79 /* NoteViewController.swift in Sources */ = {isa = PBXBuildFile; fileRef = 0BD657C0214876970037FE79 /* NoteViewController.swift */; };
		0BD9DF8121471EFB0008DBD8 /* NotebookContentsViewController.swift in Sources */ = {isa = PBXBuildFile; fileRef = 0BD9DF8021471EFB0008DBD8 /* NotebookContentsViewController.swift */; };
		0BE39B14214E5CEB00974B87 /* FavoriteViewController.swift in Sources */ = {isa = PBXBuildFile; fileRef = 0BE39B13214E5CEB00974B87 /* FavoriteViewController.swift */; };
		0BEE10142201108500C9DED7 /* NoteTableViewCell.swift in Sources */ = {isa = PBXBuildFile; fileRef = 0BEE10132201108500C9DED7 /* NoteTableViewCell.swift */; };
		0BF9DA7B21D5852400C20167 /* SendMailViewController.swift in Sources */ = {isa = PBXBuildFile; fileRef = 0BF9DA7A21D5852400C20167 /* SendMailViewController.swift */; };
		0BF9DA7D21D982AE00C20167 /* ManageTagsViewController.swift in Sources */ = {isa = PBXBuildFile; fileRef = 0BF9DA7C21D982AE00C20167 /* ManageTagsViewController.swift */; };
		0BF9DA7F21DAE17400C20167 /* R_Tag.swift in Sources */ = {isa = PBXBuildFile; fileRef = 0BF9DA7E21DAE17400C20167 /* R_Tag.swift */; };
		0BF9DA8121DC1C7D00C20167 /* R_NoteTagRelations.swift in Sources */ = {isa = PBXBuildFile; fileRef = 0BF9DA8021DC1C7D00C20167 /* R_NoteTagRelations.swift */; };
		84B8172D5632015271A3238C /* Pods_something3.framework in Frameworks */ = {isa = PBXBuildFile; fileRef = 3AAB89EDF1D22EF156BDCFAD /* Pods_something3.framework */; };
/* End PBXBuildFile section */

/* Begin PBXContainerItemProxy section */
		0B2B43BE213DE74000DFD4A9 /* PBXContainerItemProxy */ = {
			isa = PBXContainerItemProxy;
			containerPortal = 0B2B43A1213DE73D00DFD4A9 /* Project object */;
			proxyType = 1;
			remoteGlobalIDString = 0B2B43A8213DE73D00DFD4A9;
			remoteInfo = something3;
		};
		0B2B43C9213DE74000DFD4A9 /* PBXContainerItemProxy */ = {
			isa = PBXContainerItemProxy;
			containerPortal = 0B2B43A1213DE73D00DFD4A9 /* Project object */;
			proxyType = 1;
			remoteGlobalIDString = 0B2B43A8213DE73D00DFD4A9;
			remoteInfo = something3;
		};
/* End PBXContainerItemProxy section */

/* Begin PBXFileReference section */
		0B27BE9F21E55D4E00656B5E /* TagFilterViewController.swift */ = {isa = PBXFileReference; lastKnownFileType = sourcecode.swift; path = TagFilterViewController.swift; sourceTree = "<group>"; };
		0B27BEC321E97A2600656B5E /* SearchKeywordHelper.swift */ = {isa = PBXFileReference; lastKnownFileType = sourcecode.swift; path = SearchKeywordHelper.swift; sourceTree = "<group>"; };
		0B27BEC821E98EE200656B5E /* en */ = {isa = PBXFileReference; lastKnownFileType = text.plist.strings; name = en; path = en.lproj/Main.strings; sourceTree = "<group>"; };
		0B27BEC921E9920400656B5E /* ko */ = {isa = PBXFileReference; lastKnownFileType = text.plist.strings; name = ko; path = ko.lproj/Main.strings; sourceTree = "<group>"; };
		0B27BECA21E9920400656B5E /* ko */ = {isa = PBXFileReference; lastKnownFileType = text.plist.strings; name = ko; path = ko.lproj/LaunchScreen.strings; sourceTree = "<group>"; };
		0B27BECE21E9931500656B5E /* en */ = {isa = PBXFileReference; lastKnownFileType = text.plist.strings; name = en; path = en.lproj/InfoPlist.strings; sourceTree = "<group>"; };
		0B27BED021E9932400656B5E /* ko */ = {isa = PBXFileReference; lastKnownFileType = text.plist.strings; name = ko; path = ko.lproj/InfoPlist.strings; sourceTree = "<group>"; };
		0B27BED421EBEC4700656B5E /* en */ = {isa = PBXFileReference; lastKnownFileType = text.plist.strings; name = en; path = en.lproj/Localizable.strings; sourceTree = "<group>"; };
		0B27BED621EBEC4D00656B5E /* ko */ = {isa = PBXFileReference; lastKnownFileType = text.plist.strings; name = ko; path = ko.lproj/Localizable.strings; sourceTree = "<group>"; };
		0B2B3CB2219CD65C00A0FF14 /* StringHelper.swift */ = {isa = PBXFileReference; lastKnownFileType = sourcecode.swift; path = StringHelper.swift; sourceTree = "<group>"; };
		0B2B3CB4219CDC6100A0FF14 /* SettingViewController.swift */ = {isa = PBXFileReference; lastKnownFileType = sourcecode.swift; path = SettingViewController.swift; sourceTree = "<group>"; };
		0B2B43A9213DE73D00DFD4A9 /* something3.app */ = {isa = PBXFileReference; explicitFileType = wrapper.application; includeInIndex = 0; path = something3.app; sourceTree = BUILT_PRODUCTS_DIR; };
		0B2B43AC213DE73E00DFD4A9 /* AppDelegate.swift */ = {isa = PBXFileReference; lastKnownFileType = sourcecode.swift; path = AppDelegate.swift; sourceTree = "<group>"; };
		0B2B43B1213DE73E00DFD4A9 /* Base */ = {isa = PBXFileReference; lastKnownFileType = file.storyboard; name = Base; path = Base.lproj/Main.storyboard; sourceTree = "<group>"; };
		0B2B43B3213DE74000DFD4A9 /* Assets.xcassets */ = {isa = PBXFileReference; lastKnownFileType = folder.assetcatalog; path = Assets.xcassets; sourceTree = "<group>"; };
		0B2B43B6213DE74000DFD4A9 /* Base */ = {isa = PBXFileReference; lastKnownFileType = file.storyboard; name = Base; path = Base.lproj/LaunchScreen.storyboard; sourceTree = "<group>"; };
		0B2B43B8213DE74000DFD4A9 /* Info.plist */ = {isa = PBXFileReference; lastKnownFileType = text.plist.xml; path = Info.plist; sourceTree = "<group>"; };
		0B2B43BD213DE74000DFD4A9 /* something3Tests.xctest */ = {isa = PBXFileReference; explicitFileType = wrapper.cfbundle; includeInIndex = 0; path = something3Tests.xctest; sourceTree = BUILT_PRODUCTS_DIR; };
		0B2B43C1213DE74000DFD4A9 /* something3Tests.swift */ = {isa = PBXFileReference; lastKnownFileType = sourcecode.swift; path = something3Tests.swift; sourceTree = "<group>"; };
		0B2B43C3213DE74000DFD4A9 /* Info.plist */ = {isa = PBXFileReference; lastKnownFileType = text.plist.xml; path = Info.plist; sourceTree = "<group>"; };
		0B2B43C8213DE74000DFD4A9 /* something3UITests.xctest */ = {isa = PBXFileReference; explicitFileType = wrapper.cfbundle; includeInIndex = 0; path = something3UITests.xctest; sourceTree = BUILT_PRODUCTS_DIR; };
		0B2B43CC213DE74100DFD4A9 /* something3UITests.swift */ = {isa = PBXFileReference; lastKnownFileType = sourcecode.swift; path = something3UITests.swift; sourceTree = "<group>"; };
		0B2B43CE213DE74100DFD4A9 /* Info.plist */ = {isa = PBXFileReference; lastKnownFileType = text.plist.xml; path = Info.plist; sourceTree = "<group>"; };
		0B4626EA21DC237E00268F79 /* TagManager.swift */ = {isa = PBXFileReference; lastKnownFileType = sourcecode.swift; path = TagManager.swift; sourceTree = "<group>"; };
		0B502125213F3D7D009C3510 /* NotebookViewController.swift */ = {isa = PBXFileReference; lastKnownFileType = sourcecode.swift; path = NotebookViewController.swift; sourceTree = "<group>"; };
		0B78D6C4215AEF0D008A2E46 /* SearchViewController.swift */ = {isa = PBXFileReference; lastKnownFileType = sourcecode.swift; path = SearchViewController.swift; sourceTree = "<group>"; };
		0B91D1C42145CCF2005DCCD9 /* AddNoteViewController.swift */ = {isa = PBXFileReference; lastKnownFileType = sourcecode.swift; path = AddNoteViewController.swift; sourceTree = "<group>"; };
		0B9C11242143339600E4AE7D /* AddNotebookViewController.swift */ = {isa = PBXFileReference; lastKnownFileType = sourcecode.swift; path = AddNotebookViewController.swift; sourceTree = "<group>"; };
		0BB4D6892141D5B70046F7F0 /* R_NoteBook.swift */ = {isa = PBXFileReference; lastKnownFileType = sourcecode.swift; path = R_NoteBook.swift; sourceTree = "<group>"; };
		0BB4D68B2141DC090046F7F0 /* R_Note.swift */ = {isa = PBXFileReference; lastKnownFileType = sourcecode.swift; path = R_Note.swift; sourceTree = "<group>"; };
		0BB69B8A21A8E1A2003B64C0 /* ColorHelper.swift */ = {isa = PBXFileReference; lastKnownFileType = sourcecode.swift; path = ColorHelper.swift; sourceTree = "<group>"; };
		0BBEC59A21CDABD4005BAB45 /* EventHelper.swift */ = {isa = PBXFileReference; lastKnownFileType = sourcecode.swift; path = EventHelper.swift; sourceTree = "<group>"; };
		0BD657C0214876970037FE79 /* NoteViewController.swift */ = {isa = PBXFileReference; lastKnownFileType = sourcecode.swift; path = NoteViewController.swift; sourceTree = "<group>"; };
		0BD9DF8021471EFB0008DBD8 /* NotebookContentsViewController.swift */ = {isa = PBXFileReference; lastKnownFileType = sourcecode.swift; path = NotebookContentsViewController.swift; sourceTree = "<group>"; };
		0BE39B13214E5CEB00974B87 /* FavoriteViewController.swift */ = {isa = PBXFileReference; lastKnownFileType = sourcecode.swift; path = FavoriteViewController.swift; sourceTree = "<group>"; };
		0BEE10132201108500C9DED7 /* NoteTableViewCell.swift */ = {isa = PBXFileReference; lastKnownFileType = sourcecode.swift; path = NoteTableViewCell.swift; sourceTree = "<group>"; };
		0BF9DA7A21D5852400C20167 /* SendMailViewController.swift */ = {isa = PBXFileReference; lastKnownFileType = sourcecode.swift; path = SendMailViewController.swift; sourceTree = "<group>"; };
		0BF9DA7C21D982AE00C20167 /* ManageTagsViewController.swift */ = {isa = PBXFileReference; lastKnownFileType = sourcecode.swift; path = ManageTagsViewController.swift; sourceTree = "<group>"; };
		0BF9DA7E21DAE17400C20167 /* R_Tag.swift */ = {isa = PBXFileReference; lastKnownFileType = sourcecode.swift; path = R_Tag.swift; sourceTree = "<group>"; };
		0BF9DA8021DC1C7D00C20167 /* R_NoteTagRelations.swift */ = {isa = PBXFileReference; lastKnownFileType = sourcecode.swift; path = R_NoteTagRelations.swift; sourceTree = "<group>"; };
		3AAB89EDF1D22EF156BDCFAD /* Pods_something3.framework */ = {isa = PBXFileReference; explicitFileType = wrapper.framework; includeInIndex = 0; path = Pods_something3.framework; sourceTree = BUILT_PRODUCTS_DIR; };
		4AF8599F735C68E501CCA4E7 /* Pods-something3.release.xcconfig */ = {isa = PBXFileReference; includeInIndex = 1; lastKnownFileType = text.xcconfig; name = "Pods-something3.release.xcconfig"; path = "../Pods/Target Support Files/Pods-something3/Pods-something3.release.xcconfig"; sourceTree = "<group>"; };
		5E454650C9DC23F7DD61ABCD /* Pods-something3.debug.xcconfig */ = {isa = PBXFileReference; includeInIndex = 1; lastKnownFileType = text.xcconfig; name = "Pods-something3.debug.xcconfig"; path = "../Pods/Target Support Files/Pods-something3/Pods-something3.debug.xcconfig"; sourceTree = "<group>"; };
		9645F5EE26730D4A3299EE68 /* Pods-something3.debug.xcconfig */ = {isa = PBXFileReference; includeInIndex = 1; lastKnownFileType = text.xcconfig; name = "Pods-something3.debug.xcconfig"; path = "Target Support Files/Pods-something3/Pods-something3.debug.xcconfig"; sourceTree = "<group>"; };
		9D90EF2874F8C4A5FF794747 /* Pods-something3.release.xcconfig */ = {isa = PBXFileReference; includeInIndex = 1; lastKnownFileType = text.xcconfig; name = "Pods-something3.release.xcconfig"; path = "Target Support Files/Pods-something3/Pods-something3.release.xcconfig"; sourceTree = "<group>"; };
/* End PBXFileReference section */

/* Begin PBXFrameworksBuildPhase section */
		0B2B43A6213DE73D00DFD4A9 /* Frameworks */ = {
			isa = PBXFrameworksBuildPhase;
			buildActionMask = 2147483647;
			files = (
				84B8172D5632015271A3238C /* Pods_something3.framework in Frameworks */,
			);
			runOnlyForDeploymentPostprocessing = 0;
		};
		0B2B43BA213DE74000DFD4A9 /* Frameworks */ = {
			isa = PBXFrameworksBuildPhase;
			buildActionMask = 2147483647;
			files = (
			);
			runOnlyForDeploymentPostprocessing = 0;
		};
		0B2B43C5213DE74000DFD4A9 /* Frameworks */ = {
			isa = PBXFrameworksBuildPhase;
			buildActionMask = 2147483647;
			files = (
			);
			runOnlyForDeploymentPostprocessing = 0;
		};
/* End PBXFrameworksBuildPhase section */

/* Begin PBXGroup section */
		0B2B3CB1219CD64300A0FF14 /* Helper */ = {
			isa = PBXGroup;
			children = (
				0B2B3CB2219CD65C00A0FF14 /* StringHelper.swift */,
				0BB69B8A21A8E1A2003B64C0 /* ColorHelper.swift */,
				0BBEC59A21CDABD4005BAB45 /* EventHelper.swift */,
				0B27BEC321E97A2600656B5E /* SearchKeywordHelper.swift */,
			);
			path = Helper;
			sourceTree = "<group>";
		};
		0B2B43A0213DE73D00DFD4A9 = {
			isa = PBXGroup;
			children = (
				0B2B43AB213DE73D00DFD4A9 /* something3 */,
				0B2B43C0213DE74000DFD4A9 /* something3Tests */,
				0B2B43CB213DE74000DFD4A9 /* something3UITests */,
				0B2B43AA213DE73D00DFD4A9 /* Products */,
				BB9FE5A4B8387C7929796FE4 /* Pods */,
				AA1AA6FB088295AA804BFA36 /* Frameworks */,
			);
			sourceTree = "<group>";
		};
		0B2B43AA213DE73D00DFD4A9 /* Products */ = {
			isa = PBXGroup;
			children = (
				0B2B43A9213DE73D00DFD4A9 /* something3.app */,
				0B2B43BD213DE74000DFD4A9 /* something3Tests.xctest */,
				0B2B43C8213DE74000DFD4A9 /* something3UITests.xctest */,
			);
			name = Products;
			sourceTree = "<group>";
		};
		0B2B43AB213DE73D00DFD4A9 /* something3 */ = {
			isa = PBXGroup;
			children = (
				0BEE10122201101E00C9DED7 /* UIControllers */,
				0B4626E921DC236A00268F79 /* Managers */,
				0B2B3CB1219CD64300A0FF14 /* Helper */,
				0BB4D6882141D5980046F7F0 /* Model */,
				0B502124213F3D48009C3510 /* ViewControllers */,
				0B2B43AC213DE73E00DFD4A9 /* AppDelegate.swift */,
				0B2B43B0213DE73E00DFD4A9 /* Main.storyboard */,
				0B2B43B3213DE74000DFD4A9 /* Assets.xcassets */,
				0B2B43B5213DE74000DFD4A9 /* LaunchScreen.storyboard */,
				0B2B43B8213DE74000DFD4A9 /* Info.plist */,
				0B27BECF21E9931500656B5E /* InfoPlist.strings */,
				0B27BED521EBEC4700656B5E /* Localizable.strings */,
			);
			path = something3;
			sourceTree = "<group>";
		};
		0B2B43C0213DE74000DFD4A9 /* something3Tests */ = {
			isa = PBXGroup;
			children = (
				0B2B43C1213DE74000DFD4A9 /* something3Tests.swift */,
				0B2B43C3213DE74000DFD4A9 /* Info.plist */,
			);
			path = something3Tests;
			sourceTree = "<group>";
		};
		0B2B43CB213DE74000DFD4A9 /* something3UITests */ = {
			isa = PBXGroup;
			children = (
				0B2B43CC213DE74100DFD4A9 /* something3UITests.swift */,
				0B2B43CE213DE74100DFD4A9 /* Info.plist */,
			);
			path = something3UITests;
			sourceTree = "<group>";
		};
		0B4626E921DC236A00268F79 /* Managers */ = {
			isa = PBXGroup;
			children = (
				0B4626EA21DC237E00268F79 /* TagManager.swift */,
			);
			path = Managers;
			sourceTree = "<group>";
		};
		0B502124213F3D48009C3510 /* ViewControllers */ = {
			isa = PBXGroup;
			children = (
				0B502125213F3D7D009C3510 /* NotebookViewController.swift */,
				0B9C11242143339600E4AE7D /* AddNotebookViewController.swift */,
				0B91D1C42145CCF2005DCCD9 /* AddNoteViewController.swift */,
				0BD9DF8021471EFB0008DBD8 /* NotebookContentsViewController.swift */,
				0BD657C0214876970037FE79 /* NoteViewController.swift */,
				0BE39B13214E5CEB00974B87 /* FavoriteViewController.swift */,
				0B78D6C4215AEF0D008A2E46 /* SearchViewController.swift */,
				0B2B3CB4219CDC6100A0FF14 /* SettingViewController.swift */,
				0BF9DA7A21D5852400C20167 /* SendMailViewController.swift */,
				0BF9DA7C21D982AE00C20167 /* ManageTagsViewController.swift */,
				0B27BE9F21E55D4E00656B5E /* TagFilterViewController.swift */,
			);
			path = ViewControllers;
			sourceTree = "<group>";
		};
		0BB4D6882141D5980046F7F0 /* Model */ = {
			isa = PBXGroup;
			children = (
				0BB4D6892141D5B70046F7F0 /* R_NoteBook.swift */,
				0BB4D68B2141DC090046F7F0 /* R_Note.swift */,
				0BF9DA7E21DAE17400C20167 /* R_Tag.swift */,
				0BF9DA8021DC1C7D00C20167 /* R_NoteTagRelations.swift */,
			);
			path = Model;
			sourceTree = "<group>";
		};
		0BEE10122201101E00C9DED7 /* UIControllers */ = {
			isa = PBXGroup;
			children = (
				0BEE10132201108500C9DED7 /* NoteTableViewCell.swift */,
			);
			path = UIControllers;
			sourceTree = "<group>";
		};
		AA1AA6FB088295AA804BFA36 /* Frameworks */ = {
			isa = PBXGroup;
			children = (
				3AAB89EDF1D22EF156BDCFAD /* Pods_something3.framework */,
			);
			name = Frameworks;
			sourceTree = "<group>";
		};
		BB9FE5A4B8387C7929796FE4 /* Pods */ = {
			isa = PBXGroup;
			children = (
				9645F5EE26730D4A3299EE68 /* Pods-something3.debug.xcconfig */,
				9D90EF2874F8C4A5FF794747 /* Pods-something3.release.xcconfig */,
				5E454650C9DC23F7DD61ABCD /* Pods-something3.debug.xcconfig */,
				4AF8599F735C68E501CCA4E7 /* Pods-something3.release.xcconfig */,
			);
			name = Pods;
			path = ../Pods;
			sourceTree = "<group>";
		};
/* End PBXGroup section */

/* Begin PBXNativeTarget section */
		0B2B43A8213DE73D00DFD4A9 /* something3 */ = {
			isa = PBXNativeTarget;
			buildConfigurationList = 0B2B43D1213DE74100DFD4A9 /* Build configuration list for PBXNativeTarget "something3" */;
			buildPhases = (
				875240E739DF4618BF25ED71 /* [CP] Check Pods Manifest.lock */,
				0B2B43A5213DE73D00DFD4A9 /* Sources */,
				0B2B43A6213DE73D00DFD4A9 /* Frameworks */,
				0B2B43A7213DE73D00DFD4A9 /* Resources */,
				A678800F325322DC3A79EA27 /* [CP] Embed Pods Frameworks */,
			);
			buildRules = (
			);
			dependencies = (
			);
			name = something3;
			productName = something3;
			productReference = 0B2B43A9213DE73D00DFD4A9 /* something3.app */;
			productType = "com.apple.product-type.application";
		};
		0B2B43BC213DE74000DFD4A9 /* something3Tests */ = {
			isa = PBXNativeTarget;
			buildConfigurationList = 0B2B43D4213DE74100DFD4A9 /* Build configuration list for PBXNativeTarget "something3Tests" */;
			buildPhases = (
				0B2B43B9213DE74000DFD4A9 /* Sources */,
				0B2B43BA213DE74000DFD4A9 /* Frameworks */,
				0B2B43BB213DE74000DFD4A9 /* Resources */,
			);
			buildRules = (
			);
			dependencies = (
				0B2B43BF213DE74000DFD4A9 /* PBXTargetDependency */,
			);
			name = something3Tests;
			productName = something3Tests;
			productReference = 0B2B43BD213DE74000DFD4A9 /* something3Tests.xctest */;
			productType = "com.apple.product-type.bundle.unit-test";
		};
		0B2B43C7213DE74000DFD4A9 /* something3UITests */ = {
			isa = PBXNativeTarget;
			buildConfigurationList = 0B2B43D7213DE74100DFD4A9 /* Build configuration list for PBXNativeTarget "something3UITests" */;
			buildPhases = (
				0B2B43C4213DE74000DFD4A9 /* Sources */,
				0B2B43C5213DE74000DFD4A9 /* Frameworks */,
				0B2B43C6213DE74000DFD4A9 /* Resources */,
			);
			buildRules = (
			);
			dependencies = (
				0B2B43CA213DE74000DFD4A9 /* PBXTargetDependency */,
			);
			name = something3UITests;
			productName = something3UITests;
			productReference = 0B2B43C8213DE74000DFD4A9 /* something3UITests.xctest */;
			productType = "com.apple.product-type.bundle.ui-testing";
		};
/* End PBXNativeTarget section */

/* Begin PBXProject section */
		0B2B43A1213DE73D00DFD4A9 /* Project object */ = {
			isa = PBXProject;
			attributes = {
				LastSwiftUpdateCheck = 0940;
				LastUpgradeCheck = 0940;
				ORGANIZATIONNAME = "John Kim";
				TargetAttributes = {
					0B2B43A8213DE73D00DFD4A9 = {
						CreatedOnToolsVersion = 9.4;
					};
					0B2B43BC213DE74000DFD4A9 = {
						CreatedOnToolsVersion = 9.4;
						TestTargetID = 0B2B43A8213DE73D00DFD4A9;
					};
					0B2B43C7213DE74000DFD4A9 = {
						CreatedOnToolsVersion = 9.4;
						TestTargetID = 0B2B43A8213DE73D00DFD4A9;
					};
				};
			};
			buildConfigurationList = 0B2B43A4213DE73D00DFD4A9 /* Build configuration list for PBXProject "something3" */;
			compatibilityVersion = "Xcode 9.3";
			developmentRegion = en;
			hasScannedForEncodings = 0;
			knownRegions = (
				en,
				Base,
				ko,
			);
			mainGroup = 0B2B43A0213DE73D00DFD4A9;
			productRefGroup = 0B2B43AA213DE73D00DFD4A9 /* Products */;
			projectDirPath = "";
			projectRoot = "";
			targets = (
				0B2B43A8213DE73D00DFD4A9 /* something3 */,
				0B2B43BC213DE74000DFD4A9 /* something3Tests */,
				0B2B43C7213DE74000DFD4A9 /* something3UITests */,
			);
		};
/* End PBXProject section */

/* Begin PBXResourcesBuildPhase section */
		0B2B43A7213DE73D00DFD4A9 /* Resources */ = {
			isa = PBXResourcesBuildPhase;
			buildActionMask = 2147483647;
			files = (
				0B27BED321EBEC4700656B5E /* Localizable.strings in Resources */,
				0B2B43B7213DE74000DFD4A9 /* LaunchScreen.storyboard in Resources */,
				0B27BECD21E9931500656B5E /* InfoPlist.strings in Resources */,
				0B2B43B4213DE74000DFD4A9 /* Assets.xcassets in Resources */,
				0B2B43B2213DE73E00DFD4A9 /* Main.storyboard in Resources */,
			);
			runOnlyForDeploymentPostprocessing = 0;
		};
		0B2B43BB213DE74000DFD4A9 /* Resources */ = {
			isa = PBXResourcesBuildPhase;
			buildActionMask = 2147483647;
			files = (
			);
			runOnlyForDeploymentPostprocessing = 0;
		};
		0B2B43C6213DE74000DFD4A9 /* Resources */ = {
			isa = PBXResourcesBuildPhase;
			buildActionMask = 2147483647;
			files = (
			);
			runOnlyForDeploymentPostprocessing = 0;
		};
/* End PBXResourcesBuildPhase section */

/* Begin PBXShellScriptBuildPhase section */
		875240E739DF4618BF25ED71 /* [CP] Check Pods Manifest.lock */ = {
			isa = PBXShellScriptBuildPhase;
			buildActionMask = 2147483647;
			files = (
			);
			inputPaths = (
				"${PODS_PODFILE_DIR_PATH}/Podfile.lock",
				"${PODS_ROOT}/Manifest.lock",
			);
			name = "[CP] Check Pods Manifest.lock";
			outputPaths = (
				"$(DERIVED_FILE_DIR)/Pods-something3-checkManifestLockResult.txt",
			);
			runOnlyForDeploymentPostprocessing = 0;
			shellPath = /bin/sh;
			shellScript = "diff \"${PODS_PODFILE_DIR_PATH}/Podfile.lock\" \"${PODS_ROOT}/Manifest.lock\" > /dev/null\nif [ $? != 0 ] ; then\n    # print error to STDERR\n    echo \"error: The sandbox is not in sync with the Podfile.lock. Run 'pod install' or update your CocoaPods installation.\" >&2\n    exit 1\nfi\n# This output is used by Xcode 'outputs' to avoid re-running this script phase.\necho \"SUCCESS\" > \"${SCRIPT_OUTPUT_FILE_0}\"\n";
			showEnvVarsInLog = 0;
		};
		A678800F325322DC3A79EA27 /* [CP] Embed Pods Frameworks */ = {
			isa = PBXShellScriptBuildPhase;
			buildActionMask = 2147483647;
			files = (
			);
			inputPaths = (
				"${SRCROOT}/../Pods/Target Support Files/Pods-something3/Pods-something3-frameworks.sh",
				"${BUILT_PRODUCTS_DIR}/Realm/Realm.framework",
				"${BUILT_PRODUCTS_DIR}/RealmSwift/RealmSwift.framework",
			);
			name = "[CP] Embed Pods Frameworks";
			outputPaths = (
				"${TARGET_BUILD_DIR}/${FRAMEWORKS_FOLDER_PATH}/Realm.framework",
				"${TARGET_BUILD_DIR}/${FRAMEWORKS_FOLDER_PATH}/RealmSwift.framework",
			);
			runOnlyForDeploymentPostprocessing = 0;
			shellPath = /bin/sh;
			shellScript = "\"${SRCROOT}/../Pods/Target Support Files/Pods-something3/Pods-something3-frameworks.sh\"\n";
			showEnvVarsInLog = 0;
		};
/* End PBXShellScriptBuildPhase section */

/* Begin PBXSourcesBuildPhase section */
		0B2B43A5213DE73D00DFD4A9 /* Sources */ = {
			isa = PBXSourcesBuildPhase;
			buildActionMask = 2147483647;
			files = (
				0B4626EB21DC237F00268F79 /* TagManager.swift in Sources */,
				0BF9DA7F21DAE17400C20167 /* R_Tag.swift in Sources */,
				0BF9DA8121DC1C7D00C20167 /* R_NoteTagRelations.swift in Sources */,
				0BF9DA7D21D982AE00C20167 /* ManageTagsViewController.swift in Sources */,
				0B78D6C5215AEF0D008A2E46 /* SearchViewController.swift in Sources */,
				0BD657C1214876970037FE79 /* NoteViewController.swift in Sources */,
				0B27BEC421E97A2600656B5E /* SearchKeywordHelper.swift in Sources */,
				0B2B3CB3219CD65C00A0FF14 /* StringHelper.swift in Sources */,
				0B2B43AD213DE73E00DFD4A9 /* AppDelegate.swift in Sources */,
				0BD9DF8121471EFB0008DBD8 /* NotebookContentsViewController.swift in Sources */,
				0BB4D68A2141D5B70046F7F0 /* R_NoteBook.swift in Sources */,
				0BE39B14214E5CEB00974B87 /* FavoriteViewController.swift in Sources */,
				0B91D1C52145CCF2005DCCD9 /* AddNoteViewController.swift in Sources */,
				0BEE10142201108500C9DED7 /* NoteTableViewCell.swift in Sources */,
				0BB4D68C2141DC090046F7F0 /* R_Note.swift in Sources */,
				0B27BEA021E55D4E00656B5E /* TagFilterViewController.swift in Sources */,
				0BB69B8B21A8E1A2003B64C0 /* ColorHelper.swift in Sources */,
				0B9C11252143339600E4AE7D /* AddNotebookViewController.swift in Sources */,
				0BF9DA7B21D5852400C20167 /* SendMailViewController.swift in Sources */,
				0B502126213F3D7D009C3510 /* NotebookViewController.swift in Sources */,
				0BBEC59B21CDABD4005BAB45 /* EventHelper.swift in Sources */,
				0B2B3CB5219CDC6100A0FF14 /* SettingViewController.swift in Sources */,
			);
			runOnlyForDeploymentPostprocessing = 0;
		};
		0B2B43B9213DE74000DFD4A9 /* Sources */ = {
			isa = PBXSourcesBuildPhase;
			buildActionMask = 2147483647;
			files = (
				0B2B43C2213DE74000DFD4A9 /* something3Tests.swift in Sources */,
			);
			runOnlyForDeploymentPostprocessing = 0;
		};
		0B2B43C4213DE74000DFD4A9 /* Sources */ = {
			isa = PBXSourcesBuildPhase;
			buildActionMask = 2147483647;
			files = (
				0B2B43CD213DE74100DFD4A9 /* something3UITests.swift in Sources */,
			);
			runOnlyForDeploymentPostprocessing = 0;
		};
/* End PBXSourcesBuildPhase section */

/* Begin PBXTargetDependency section */
		0B2B43BF213DE74000DFD4A9 /* PBXTargetDependency */ = {
			isa = PBXTargetDependency;
			target = 0B2B43A8213DE73D00DFD4A9 /* something3 */;
			targetProxy = 0B2B43BE213DE74000DFD4A9 /* PBXContainerItemProxy */;
		};
		0B2B43CA213DE74000DFD4A9 /* PBXTargetDependency */ = {
			isa = PBXTargetDependency;
			target = 0B2B43A8213DE73D00DFD4A9 /* something3 */;
			targetProxy = 0B2B43C9213DE74000DFD4A9 /* PBXContainerItemProxy */;
		};
/* End PBXTargetDependency section */

/* Begin PBXVariantGroup section */
		0B27BECF21E9931500656B5E /* InfoPlist.strings */ = {
			isa = PBXVariantGroup;
			children = (
				0B27BECE21E9931500656B5E /* en */,
				0B27BED021E9932400656B5E /* ko */,
			);
			name = InfoPlist.strings;
			sourceTree = "<group>";
		};
		0B27BED521EBEC4700656B5E /* Localizable.strings */ = {
			isa = PBXVariantGroup;
			children = (
				0B27BED421EBEC4700656B5E /* en */,
				0B27BED621EBEC4D00656B5E /* ko */,
			);
			name = Localizable.strings;
			sourceTree = "<group>";
		};
		0B2B43B0213DE73E00DFD4A9 /* Main.storyboard */ = {
			isa = PBXVariantGroup;
			children = (
				0B2B43B1213DE73E00DFD4A9 /* Base */,
				0B27BEC821E98EE200656B5E /* en */,
				0B27BEC921E9920400656B5E /* ko */,
			);
			name = Main.storyboard;
			sourceTree = "<group>";
		};
		0B2B43B5213DE74000DFD4A9 /* LaunchScreen.storyboard */ = {
			isa = PBXVariantGroup;
			children = (
				0B2B43B6213DE74000DFD4A9 /* Base */,
				0B27BECA21E9920400656B5E /* ko */,
			);
			name = LaunchScreen.storyboard;
			sourceTree = "<group>";
		};
/* End PBXVariantGroup section */

/* Begin XCBuildConfiguration section */
		0B2B43CF213DE74100DFD4A9 /* Debug */ = {
			isa = XCBuildConfiguration;
			buildSettings = {
				ALWAYS_SEARCH_USER_PATHS = NO;
				CLANG_ANALYZER_LOCALIZABILITY_NONLOCALIZED = YES;
				CLANG_ANALYZER_NONNULL = YES;
				CLANG_ANALYZER_NUMBER_OBJECT_CONVERSION = YES_AGGRESSIVE;
				CLANG_CXX_LANGUAGE_STANDARD = "gnu++14";
				CLANG_CXX_LIBRARY = "libc++";
				CLANG_ENABLE_MODULES = YES;
				CLANG_ENABLE_OBJC_ARC = YES;
				CLANG_ENABLE_OBJC_WEAK = YES;
				CLANG_WARN_BLOCK_CAPTURE_AUTORELEASING = YES;
				CLANG_WARN_BOOL_CONVERSION = YES;
				CLANG_WARN_COMMA = YES;
				CLANG_WARN_CONSTANT_CONVERSION = YES;
				CLANG_WARN_DEPRECATED_OBJC_IMPLEMENTATIONS = YES;
				CLANG_WARN_DIRECT_OBJC_ISA_USAGE = YES_ERROR;
				CLANG_WARN_DOCUMENTATION_COMMENTS = YES;
				CLANG_WARN_EMPTY_BODY = YES;
				CLANG_WARN_ENUM_CONVERSION = YES;
				CLANG_WARN_INFINITE_RECURSION = YES;
				CLANG_WARN_INT_CONVERSION = YES;
				CLANG_WARN_NON_LITERAL_NULL_CONVERSION = YES;
				CLANG_WARN_OBJC_IMPLICIT_RETAIN_SELF = YES;
				CLANG_WARN_OBJC_LITERAL_CONVERSION = YES;
				CLANG_WARN_OBJC_ROOT_CLASS = YES_ERROR;
				CLANG_WARN_RANGE_LOOP_ANALYSIS = YES;
				CLANG_WARN_STRICT_PROTOTYPES = YES;
				CLANG_WARN_SUSPICIOUS_MOVE = YES;
				CLANG_WARN_UNGUARDED_AVAILABILITY = YES_AGGRESSIVE;
				CLANG_WARN_UNREACHABLE_CODE = YES;
				CLANG_WARN__DUPLICATE_METHOD_MATCH = YES;
				CODE_SIGN_IDENTITY = "iPhone Developer";
				COPY_PHASE_STRIP = NO;
				DEBUG_INFORMATION_FORMAT = dwarf;
				ENABLE_STRICT_OBJC_MSGSEND = YES;
				ENABLE_TESTABILITY = YES;
				GCC_C_LANGUAGE_STANDARD = gnu11;
				GCC_DYNAMIC_NO_PIC = NO;
				GCC_NO_COMMON_BLOCKS = YES;
				GCC_OPTIMIZATION_LEVEL = 0;
				GCC_PREPROCESSOR_DEFINITIONS = (
					"DEBUG=1",
					"$(inherited)",
				);
				GCC_WARN_64_TO_32_BIT_CONVERSION = YES;
				GCC_WARN_ABOUT_RETURN_TYPE = YES_ERROR;
				GCC_WARN_UNDECLARED_SELECTOR = YES;
				GCC_WARN_UNINITIALIZED_AUTOS = YES_AGGRESSIVE;
				GCC_WARN_UNUSED_FUNCTION = YES;
				GCC_WARN_UNUSED_VARIABLE = YES;
				IPHONEOS_DEPLOYMENT_TARGET = 11.4;
				MTL_ENABLE_DEBUG_INFO = YES;
				ONLY_ACTIVE_ARCH = YES;
				SDKROOT = iphoneos;
				SWIFT_ACTIVE_COMPILATION_CONDITIONS = DEBUG;
				SWIFT_OPTIMIZATION_LEVEL = "-Onone";
			};
			name = Debug;
		};
		0B2B43D0213DE74100DFD4A9 /* Release */ = {
			isa = XCBuildConfiguration;
			buildSettings = {
				ALWAYS_SEARCH_USER_PATHS = NO;
				CLANG_ANALYZER_LOCALIZABILITY_NONLOCALIZED = YES;
				CLANG_ANALYZER_NONNULL = YES;
				CLANG_ANALYZER_NUMBER_OBJECT_CONVERSION = YES_AGGRESSIVE;
				CLANG_CXX_LANGUAGE_STANDARD = "gnu++14";
				CLANG_CXX_LIBRARY = "libc++";
				CLANG_ENABLE_MODULES = YES;
				CLANG_ENABLE_OBJC_ARC = YES;
				CLANG_ENABLE_OBJC_WEAK = YES;
				CLANG_WARN_BLOCK_CAPTURE_AUTORELEASING = YES;
				CLANG_WARN_BOOL_CONVERSION = YES;
				CLANG_WARN_COMMA = YES;
				CLANG_WARN_CONSTANT_CONVERSION = YES;
				CLANG_WARN_DEPRECATED_OBJC_IMPLEMENTATIONS = YES;
				CLANG_WARN_DIRECT_OBJC_ISA_USAGE = YES_ERROR;
				CLANG_WARN_DOCUMENTATION_COMMENTS = YES;
				CLANG_WARN_EMPTY_BODY = YES;
				CLANG_WARN_ENUM_CONVERSION = YES;
				CLANG_WARN_INFINITE_RECURSION = YES;
				CLANG_WARN_INT_CONVERSION = YES;
				CLANG_WARN_NON_LITERAL_NULL_CONVERSION = YES;
				CLANG_WARN_OBJC_IMPLICIT_RETAIN_SELF = YES;
				CLANG_WARN_OBJC_LITERAL_CONVERSION = YES;
				CLANG_WARN_OBJC_ROOT_CLASS = YES_ERROR;
				CLANG_WARN_RANGE_LOOP_ANALYSIS = YES;
				CLANG_WARN_STRICT_PROTOTYPES = YES;
				CLANG_WARN_SUSPICIOUS_MOVE = YES;
				CLANG_WARN_UNGUARDED_AVAILABILITY = YES_AGGRESSIVE;
				CLANG_WARN_UNREACHABLE_CODE = YES;
				CLANG_WARN__DUPLICATE_METHOD_MATCH = YES;
				CODE_SIGN_IDENTITY = "iPhone Developer";
				COPY_PHASE_STRIP = NO;
				DEBUG_INFORMATION_FORMAT = "dwarf-with-dsym";
				ENABLE_NS_ASSERTIONS = NO;
				ENABLE_STRICT_OBJC_MSGSEND = YES;
				GCC_C_LANGUAGE_STANDARD = gnu11;
				GCC_NO_COMMON_BLOCKS = YES;
				GCC_WARN_64_TO_32_BIT_CONVERSION = YES;
				GCC_WARN_ABOUT_RETURN_TYPE = YES_ERROR;
				GCC_WARN_UNDECLARED_SELECTOR = YES;
				GCC_WARN_UNINITIALIZED_AUTOS = YES_AGGRESSIVE;
				GCC_WARN_UNUSED_FUNCTION = YES;
				GCC_WARN_UNUSED_VARIABLE = YES;
				IPHONEOS_DEPLOYMENT_TARGET = 11.4;
				MTL_ENABLE_DEBUG_INFO = NO;
				SDKROOT = iphoneos;
				SWIFT_COMPILATION_MODE = wholemodule;
				SWIFT_OPTIMIZATION_LEVEL = "-O";
				VALIDATE_PRODUCT = YES;
			};
			name = Release;
		};
		0B2B43D2213DE74100DFD4A9 /* Debug */ = {
			isa = XCBuildConfiguration;
			baseConfigurationReference = 5E454650C9DC23F7DD61ABCD /* Pods-something3.debug.xcconfig */;
			buildSettings = {
				ASSETCATALOG_COMPILER_APPICON_NAME = AppIcon;
				CODE_SIGN_STYLE = Automatic;
				DEVELOPMENT_TEAM = ZSYAXC2PYL;
				INFOPLIST_FILE = something3/Info.plist;
				LD_RUNPATH_SEARCH_PATHS = (
					"$(inherited)",
					"@executable_path/Frameworks",
				);
				PRODUCT_BUNDLE_IDENTIFIER = zeno.something3;
				PRODUCT_NAME = "$(TARGET_NAME)";
				SWIFT_VERSION = 4.0;
				TARGETED_DEVICE_FAMILY = "1,2";
			};
			name = Debug;
		};
		0B2B43D3213DE74100DFD4A9 /* Release */ = {
			isa = XCBuildConfiguration;
			baseConfigurationReference = 4AF8599F735C68E501CCA4E7 /* Pods-something3.release.xcconfig */;
			buildSettings = {
				ASSETCATALOG_COMPILER_APPICON_NAME = AppIcon;
				CODE_SIGN_STYLE = Automatic;
				DEVELOPMENT_TEAM = ZSYAXC2PYL;
				INFOPLIST_FILE = something3/Info.plist;
				LD_RUNPATH_SEARCH_PATHS = (
					"$(inherited)",
					"@executable_path/Frameworks",
				);
				PRODUCT_BUNDLE_IDENTIFIER = zeno.something3;
				PRODUCT_NAME = "$(TARGET_NAME)";
				SWIFT_VERSION = 4.0;
				TARGETED_DEVICE_FAMILY = "1,2";
			};
			name = Release;
		};
		0B2B43D5213DE74100DFD4A9 /* Debug */ = {
			isa = XCBuildConfiguration;
			buildSettings = {
				ALWAYS_EMBED_SWIFT_STANDARD_LIBRARIES = YES;
				BUNDLE_LOADER = "$(TEST_HOST)";
				CODE_SIGN_STYLE = Automatic;
				INFOPLIST_FILE = something3Tests/Info.plist;
				LD_RUNPATH_SEARCH_PATHS = (
					"$(inherited)",
					"@executable_path/Frameworks",
					"@loader_path/Frameworks",
				);
				PRODUCT_BUNDLE_IDENTIFIER = zeno.something3Tests;
				PRODUCT_NAME = "$(TARGET_NAME)";
				SWIFT_VERSION = 4.0;
				TARGETED_DEVICE_FAMILY = "1,2";
				TEST_HOST = "$(BUILT_PRODUCTS_DIR)/something3.app/something3";
			};
			name = Debug;
		};
		0B2B43D6213DE74100DFD4A9 /* Release */ = {
			isa = XCBuildConfiguration;
			buildSettings = {
				ALWAYS_EMBED_SWIFT_STANDARD_LIBRARIES = YES;
				BUNDLE_LOADER = "$(TEST_HOST)";
				CODE_SIGN_STYLE = Automatic;
				INFOPLIST_FILE = something3Tests/Info.plist;
				LD_RUNPATH_SEARCH_PATHS = (
					"$(inherited)",
					"@executable_path/Frameworks",
					"@loader_path/Frameworks",
				);
				PRODUCT_BUNDLE_IDENTIFIER = zeno.something3Tests;
				PRODUCT_NAME = "$(TARGET_NAME)";
				SWIFT_VERSION = 4.0;
				TARGETED_DEVICE_FAMILY = "1,2";
				TEST_HOST = "$(BUILT_PRODUCTS_DIR)/something3.app/something3";
			};
			name = Release;
		};
		0B2B43D8213DE74100DFD4A9 /* Debug */ = {
			isa = XCBuildConfiguration;
			buildSettings = {
				ALWAYS_EMBED_SWIFT_STANDARD_LIBRARIES = YES;
				CODE_SIGN_STYLE = Automatic;
				INFOPLIST_FILE = something3UITests/Info.plist;
				LD_RUNPATH_SEARCH_PATHS = (
					"$(inherited)",
					"@executable_path/Frameworks",
					"@loader_path/Frameworks",
				);
				PRODUCT_BUNDLE_IDENTIFIER = zeno.something3UITests;
				PRODUCT_NAME = "$(TARGET_NAME)";
				SWIFT_VERSION = 4.0;
				TARGETED_DEVICE_FAMILY = "1,2";
				TEST_TARGET_NAME = something3;
			};
			name = Debug;
		};
		0B2B43D9213DE74100DFD4A9 /* Release */ = {
			isa = XCBuildConfiguration;
			buildSettings = {
				ALWAYS_EMBED_SWIFT_STANDARD_LIBRARIES = YES;
				CODE_SIGN_STYLE = Automatic;
				INFOPLIST_FILE = something3UITests/Info.plist;
				LD_RUNPATH_SEARCH_PATHS = (
					"$(inherited)",
					"@executable_path/Frameworks",
					"@loader_path/Frameworks",
				);
				PRODUCT_BUNDLE_IDENTIFIER = zeno.something3UITests;
				PRODUCT_NAME = "$(TARGET_NAME)";
				SWIFT_VERSION = 4.0;
				TARGETED_DEVICE_FAMILY = "1,2";
				TEST_TARGET_NAME = something3;
			};
			name = Release;
		};
/* End XCBuildConfiguration section */

/* Begin XCConfigurationList section */
		0B2B43A4213DE73D00DFD4A9 /* Build configuration list for PBXProject "something3" */ = {
			isa = XCConfigurationList;
			buildConfigurations = (
				0B2B43CF213DE74100DFD4A9 /* Debug */,
				0B2B43D0213DE74100DFD4A9 /* Release */,
			);
			defaultConfigurationIsVisible = 0;
			defaultConfigurationName = Release;
		};
		0B2B43D1213DE74100DFD4A9 /* Build configuration list for PBXNativeTarget "something3" */ = {
			isa = XCConfigurationList;
			buildConfigurations = (
				0B2B43D2213DE74100DFD4A9 /* Debug */,
				0B2B43D3213DE74100DFD4A9 /* Release */,
			);
			defaultConfigurationIsVisible = 0;
			defaultConfigurationName = Release;
		};
		0B2B43D4213DE74100DFD4A9 /* Build configuration list for PBXNativeTarget "something3Tests" */ = {
			isa = XCConfigurationList;
			buildConfigurations = (
				0B2B43D5213DE74100DFD4A9 /* Debug */,
				0B2B43D6213DE74100DFD4A9 /* Release */,
			);
			defaultConfigurationIsVisible = 0;
			defaultConfigurationName = Release;
		};
		0B2B43D7213DE74100DFD4A9 /* Build configuration list for PBXNativeTarget "something3UITests" */ = {
			isa = XCConfigurationList;
			buildConfigurations = (
				0B2B43D8213DE74100DFD4A9 /* Debug */,
				0B2B43D9213DE74100DFD4A9 /* Release */,
			);
			defaultConfigurationIsVisible = 0;
			defaultConfigurationName = Release;
		};
/* End XCConfigurationList section */
	};
	rootObject = 0B2B43A1213DE73D00DFD4A9 /* Project object */;
}
